
Microsoft Visual Studio Solution File, Format Version 12.00
# Visual Studio Version 17
VisualStudioVersion = 17.6.33829.357
MinimumVisualStudioVersion = 10.0.40219.1
Project("{FAE04EC0-301F-11D3-BF4B-00C04F79EFBC}") = "LibraryManagementSystem", "LibraryManagementSystem\LibraryManagementSystem.csproj", "{B0BCC104-9211-4DAD-9D55-FD26DBAD943C}"
EndProject
Global
	GlobalSection(SolutionConfigurationPlatforms) = preSolution
		Debug|Any CPU = Debug|Any CPU
		Release|Any CPU = Release|Any CPU
	EndGlobalSection
	GlobalSection(ProjectConfigurationPlatforms) = postSolution
		{B0BCC104-9211-4DAD-9D55-FD26DBAD943C}.Debug|Any CPU.ActiveCfg = Debug|Any CPU
		{B0BCC104-9211-4DAD-9D55-FD26DBAD943C}.Debug|Any CPU.Build.0 = Debug|Any CPU
		{B0BCC104-9211-4DAD-9D55-FD26DBAD943C}.Release|Any CPU.ActiveCfg = Release|Any CPU
		{B0BCC104-9211-4DAD-9D55-FD26DBAD943C}.Release|Any CPU.Build.0 = Release|Any CPU
	EndGlobalSection
	GlobalSection(SolutionProperties) = preSolution
		HideSolutionNode = FALSE
	EndGlobalSection
	GlobalSection(ExtensibilityGlobals) = postSolution
		SolutionGuid = {33250663-BF22-430B-AFB2-E5E99E923FBC}
	EndGlobalSection
EndGlobal
